
Microsoft Visual Studio Solution File, Format Version 12.00
# Visual Studio Version 17
VisualStudioVersion = 17.7.34221.43
MinimumVisualStudioVersion = 10.0.40219.1
Project("{8BC9CEB8-8B4A-11D0-8D11-00A0C91BC942}") = "Project17", "Project17.vcxproj", "{584E4526-D9EB-41E8-B7C2-A01990C2E961}"
EndProject
Global
	GlobalSection(SolutionConfigurationPlatforms) = preSolution
		Debug|x64 = Debug|x64
		Debug|x86 = Debug|x86
		Release|x64 = Release|x64
		Release|x86 = Release|x86
	EndGlobalSection
	GlobalSection(ProjectConfigurationPlatforms) = postSolution
		{584E4526-D9EB-41E8-B7C2-A01990C2E961}.Debug|x64.ActiveCfg = Debug|x64
		{584E4526-D9EB-41E8-B7C2-A01990C2E961}.Debug|x64.Build.0 = Debug|x64
		{584E4526-D9EB-41E8-B7C2-A01990C2E961}.Debug|x86.ActiveCfg = Debug|Win32
		{584E4526-D9EB-41E8-B7C2-A01990C2E961}.Debug|x86.Build.0 = Debug|Win32
		{584E4526-D9EB-41E8-B7C2-A01990C2E961}.Release|x64.ActiveCfg = Release|x64
		{584E4526-D9EB-41E8-B7C2-A01990C2E961}.Release|x64.Build.0 = Release|x64
		{584E4526-D9EB-41E8-B7C2-A01990C2E961}.Release|x86.ActiveCfg = Release|Win32
		{584E4526-D9EB-41E8-B7C2-A01990C2E961}.Release|x86.Build.0 = Release|Win32
	EndGlobalSection
	GlobalSection(SolutionProperties) = preSolution
		HideSolutionNode = FALSE
	EndGlobalSection
	GlobalSection(ExtensibilityGlobals) = postSolution
		SolutionGuid = {84B9CF0E-013D-4FFB-99DD-95D32E1A60A0}
	EndGlobalSection
EndGlobal
