
Microsoft Visual Studio Solution File, Format Version 11.00
# Visual Studio 2010
Project("{8BC9CEB8-8B4A-11D0-8D11-00A0C91BC942}") = "proj1", "proj1\proj1.vcxproj", "{B3B85981-A81C-4916-B085-6018D1CCFBC5}"
EndProject
Global
	GlobalSection(SolutionConfigurationPlatforms) = preSolution
		Debug|Win32 = Debug|Win32
		Release|Win32 = Release|Win32
	EndGlobalSection
	GlobalSection(ProjectConfigurationPlatforms) = postSolution
		{B3B85981-A81C-4916-B085-6018D1CCFBC5}.Debug|Win32.ActiveCfg = Debug|Win32
		{B3B85981-A81C-4916-B085-6018D1CCFBC5}.Debug|Win32.Build.0 = Debug|Win32
		{B3B85981-A81C-4916-B085-6018D1CCFBC5}.Release|Win32.ActiveCfg = Release|Win32
		{B3B85981-A81C-4916-B085-6018D1CCFBC5}.Release|Win32.Build.0 = Release|Win32
	EndGlobalSection
	GlobalSection(SolutionProperties) = preSolution
		HideSolutionNode = FALSE
	EndGlobalSection
EndGlobal
